// !$*UTF8*$!
{
	archiveVersion = 1;
	classes = {
	};
	objectVersion = 56;
	objects = {

/* Begin PBXBuildFile section */
		D5057B3B2931A30C00F1D8E8 /* EpisodesResponseFixture.json in Resources */ = {isa = PBXBuildFile; fileRef = D5057B3A2931A30C00F1D8E8 /* EpisodesResponseFixture.json */; };
		D5057B402931A4E500F1D8E8 /* ShowDetailsView.swift in Sources */ = {isa = PBXBuildFile; fileRef = D5057B3F2931A4E500F1D8E8 /* ShowDetailsView.swift */; };
		D5057B422931A4F100F1D8E8 /* ShowDetailsService.swift in Sources */ = {isa = PBXBuildFile; fileRef = D5057B412931A4F100F1D8E8 /* ShowDetailsService.swift */; };
		D5057B452931AA8700F1D8E8 /* PosterImage.swift in Sources */ = {isa = PBXBuildFile; fileRef = D5057B442931AA8700F1D8E8 /* PosterImage.swift */; };
		D5057B482931AD7400F1D8E8 /* String+stripHTML.swift in Sources */ = {isa = PBXBuildFile; fileRef = D5057B472931AD7400F1D8E8 /* String+stripHTML.swift */; };
		D5057B4D2932AC5D00F1D8E8 /* EpisodeDetailsView.swift in Sources */ = {isa = PBXBuildFile; fileRef = D5057B4C2932AC5D00F1D8E8 /* EpisodeDetailsView.swift */; };
		D5057B4F2932B7A100F1D8E8 /* View+withMinimumHitArea.swift in Sources */ = {isa = PBXBuildFile; fileRef = D5057B4E2932B7A100F1D8E8 /* View+withMinimumHitArea.swift */; };
		D51B84742932F93F00C3A988 /* ShowTileModel.swift in Sources */ = {isa = PBXBuildFile; fileRef = D51B84732932F93F00C3A988 /* ShowTileModel.swift */; };
		D54621DE29315FA4006F413A /* AppDelegate.swift in Sources */ = {isa = PBXBuildFile; fileRef = D54621DD29315FA4006F413A /* AppDelegate.swift */; };
		D54621E029315FA4006F413A /* SceneDelegate.swift in Sources */ = {isa = PBXBuildFile; fileRef = D54621DF29315FA4006F413A /* SceneDelegate.swift */; };
		D54621E729315FA5006F413A /* Assets.xcassets in Resources */ = {isa = PBXBuildFile; fileRef = D54621E629315FA5006F413A /* Assets.xcassets */; };
		D54621EA29315FA5006F413A /* LaunchScreen.storyboard in Resources */ = {isa = PBXBuildFile; fileRef = D54621E829315FA5006F413A /* LaunchScreen.storyboard */; };
		D54621F529315FA6006F413A /* JobsityChallengeTests.swift in Sources */ = {isa = PBXBuildFile; fileRef = D54621F429315FA6006F413A /* JobsityChallengeTests.swift */; };
		D5462213293173A9006F413A /* AppCoordinator.swift in Sources */ = {isa = PBXBuildFile; fileRef = D5462212293173A9006F413A /* AppCoordinator.swift */; };
		D54622152931790C006F413A /* ShowModel.swift in Sources */ = {isa = PBXBuildFile; fileRef = D54622142931790C006F413A /* ShowModel.swift */; };
		D546221729317C44006F413A /* ShowsResponseFixture.json in Resources */ = {isa = PBXBuildFile; fileRef = D546221629317C44006F413A /* ShowsResponseFixture.json */; };
		D546221C29318175006F413A /* Environment.swift in Sources */ = {isa = PBXBuildFile; fileRef = D546221B29318175006F413A /* Environment.swift */; };
		D546221E29318451006F413A /* ShowListingService.swift in Sources */ = {isa = PBXBuildFile; fileRef = D546221D29318451006F413A /* ShowListingService.swift */; };
		D5462221293186B7006F413A /* ShowListingView.swift in Sources */ = {isa = PBXBuildFile; fileRef = D5462220293186B7006F413A /* ShowListingView.swift */; };
		D546222D29319DAB006F413A /* EpisodeModel.swift in Sources */ = {isa = PBXBuildFile; fileRef = D546222C29319DAB006F413A /* EpisodeModel.swift */; };
		D5FE3F8129330DE200CDBE6B /* ShowResponseFixture.json in Resources */ = {isa = PBXBuildFile; fileRef = D5FE3F8029330DE200CDBE6B /* ShowResponseFixture.json */; };
/* End PBXBuildFile section */

/* Begin PBXContainerItemProxy section */
		D54621F129315FA5006F413A /* PBXContainerItemProxy */ = {
			isa = PBXContainerItemProxy;
			containerPortal = D54621D229315FA4006F413A /* Project object */;
			proxyType = 1;
			remoteGlobalIDString = D54621D929315FA4006F413A;
			remoteInfo = JobsityChallenge;
		};
/* End PBXContainerItemProxy section */

/* Begin PBXFileReference section */
		D5057B3A2931A30C00F1D8E8 /* EpisodesResponseFixture.json */ = {isa = PBXFileReference; lastKnownFileType = text.json; path = EpisodesResponseFixture.json; sourceTree = "<group>"; };
		D5057B3F2931A4E500F1D8E8 /* ShowDetailsView.swift */ = {isa = PBXFileReference; lastKnownFileType = sourcecode.swift; path = ShowDetailsView.swift; sourceTree = "<group>"; };
		D5057B412931A4F100F1D8E8 /* ShowDetailsService.swift */ = {isa = PBXFileReference; lastKnownFileType = sourcecode.swift; path = ShowDetailsService.swift; sourceTree = "<group>"; };
		D5057B442931AA8700F1D8E8 /* PosterImage.swift */ = {isa = PBXFileReference; lastKnownFileType = sourcecode.swift; path = PosterImage.swift; sourceTree = "<group>"; };
		D5057B472931AD7400F1D8E8 /* String+stripHTML.swift */ = {isa = PBXFileReference; lastKnownFileType = sourcecode.swift; path = "String+stripHTML.swift"; sourceTree = "<group>"; };
		D5057B4C2932AC5D00F1D8E8 /* EpisodeDetailsView.swift */ = {isa = PBXFileReference; lastKnownFileType = sourcecode.swift; path = EpisodeDetailsView.swift; sourceTree = "<group>"; };
		D5057B4E2932B7A100F1D8E8 /* View+withMinimumHitArea.swift */ = {isa = PBXFileReference; lastKnownFileType = sourcecode.swift; path = "View+withMinimumHitArea.swift"; sourceTree = "<group>"; };
		D51B84732932F93F00C3A988 /* ShowTileModel.swift */ = {isa = PBXFileReference; lastKnownFileType = sourcecode.swift; path = ShowTileModel.swift; sourceTree = "<group>"; };
		D54621DA29315FA4006F413A /* JobsityChallenge.app */ = {isa = PBXFileReference; explicitFileType = wrapper.application; includeInIndex = 0; path = JobsityChallenge.app; sourceTree = BUILT_PRODUCTS_DIR; };
		D54621DD29315FA4006F413A /* AppDelegate.swift */ = {isa = PBXFileReference; lastKnownFileType = sourcecode.swift; path = AppDelegate.swift; sourceTree = "<group>"; };
		D54621DF29315FA4006F413A /* SceneDelegate.swift */ = {isa = PBXFileReference; lastKnownFileType = sourcecode.swift; path = SceneDelegate.swift; sourceTree = "<group>"; };
		D54621E629315FA5006F413A /* Assets.xcassets */ = {isa = PBXFileReference; lastKnownFileType = folder.assetcatalog; path = Assets.xcassets; sourceTree = "<group>"; };
		D54621E929315FA5006F413A /* Base */ = {isa = PBXFileReference; lastKnownFileType = file.storyboard; name = Base; path = Base.lproj/LaunchScreen.storyboard; sourceTree = "<group>"; };
		D54621EB29315FA5006F413A /* Info.plist */ = {isa = PBXFileReference; lastKnownFileType = text.plist.xml; path = Info.plist; sourceTree = "<group>"; };
		D54621F029315FA5006F413A /* JobsityChallengeTests.xctest */ = {isa = PBXFileReference; explicitFileType = wrapper.cfbundle; includeInIndex = 0; path = JobsityChallengeTests.xctest; sourceTree = BUILT_PRODUCTS_DIR; };
		D54621F429315FA6006F413A /* JobsityChallengeTests.swift */ = {isa = PBXFileReference; lastKnownFileType = sourcecode.swift; path = JobsityChallengeTests.swift; sourceTree = "<group>"; };
		D5462212293173A9006F413A /* AppCoordinator.swift */ = {isa = PBXFileReference; lastKnownFileType = sourcecode.swift; path = AppCoordinator.swift; sourceTree = "<group>"; };
		D54622142931790C006F413A /* ShowModel.swift */ = {isa = PBXFileReference; lastKnownFileType = sourcecode.swift; path = ShowModel.swift; sourceTree = "<group>"; };
		D546221629317C44006F413A /* ShowsResponseFixture.json */ = {isa = PBXFileReference; lastKnownFileType = text.json; path = ShowsResponseFixture.json; sourceTree = "<group>"; };
		D546221A2931802B006F413A /* Config.xcconfig */ = {isa = PBXFileReference; lastKnownFileType = text.xcconfig; path = Config.xcconfig; sourceTree = "<group>"; };
		D546221B29318175006F413A /* Environment.swift */ = {isa = PBXFileReference; lastKnownFileType = sourcecode.swift; path = Environment.swift; sourceTree = "<group>"; };
		D546221D29318451006F413A /* ShowListingService.swift */ = {isa = PBXFileReference; lastKnownFileType = sourcecode.swift; path = ShowListingService.swift; sourceTree = "<group>"; };
		D5462220293186B7006F413A /* ShowListingView.swift */ = {isa = PBXFileReference; lastKnownFileType = sourcecode.swift; path = ShowListingView.swift; sourceTree = "<group>"; };
		D546222C29319DAB006F413A /* EpisodeModel.swift */ = {isa = PBXFileReference; lastKnownFileType = sourcecode.swift; path = EpisodeModel.swift; sourceTree = "<group>"; };
		D5FE3F8029330DE200CDBE6B /* ShowResponseFixture.json */ = {isa = PBXFileReference; lastKnownFileType = text.json; path = ShowResponseFixture.json; sourceTree = "<group>"; };
/* End PBXFileReference section */

/* Begin PBXFrameworksBuildPhase section */
		D54621D729315FA4006F413A /* Frameworks */ = {
			isa = PBXFrameworksBuildPhase;
			buildActionMask = 2147483647;
			files = (
			);
			runOnlyForDeploymentPostprocessing = 0;
		};
		D54621ED29315FA5006F413A /* Frameworks */ = {
			isa = PBXFrameworksBuildPhase;
			buildActionMask = 2147483647;
			files = (
			);
			runOnlyForDeploymentPostprocessing = 0;
		};
/* End PBXFrameworksBuildPhase section */

/* Begin PBXGroup section */
		D5057B3E2931A4D700F1D8E8 /* ShowDetails */ = {
			isa = PBXGroup;
			children = (
				D5057B3F2931A4E500F1D8E8 /* ShowDetailsView.swift */,
				D5057B412931A4F100F1D8E8 /* ShowDetailsService.swift */,
			);
			path = ShowDetails;
			sourceTree = "<group>";
		};
		D5057B432931AA7A00F1D8E8 /* Component */ = {
			isa = PBXGroup;
			children = (
				D5057B442931AA8700F1D8E8 /* PosterImage.swift */,
			);
			path = Component;
			sourceTree = "<group>";
		};
		D5057B462931AD6500F1D8E8 /* Extensions */ = {
			isa = PBXGroup;
			children = (
				D5057B472931AD7400F1D8E8 /* String+stripHTML.swift */,
				D5057B4E2932B7A100F1D8E8 /* View+withMinimumHitArea.swift */,
			);
			path = Extensions;
			sourceTree = "<group>";
		};
		D5057B4B2932AA4A00F1D8E8 /* EpisodeDetails */ = {
			isa = PBXGroup;
			children = (
				D5057B4C2932AC5D00F1D8E8 /* EpisodeDetailsView.swift */,
			);
			path = EpisodeDetails;
			sourceTree = "<group>";
		};
		D54621D129315FA4006F413A = {
			isa = PBXGroup;
			children = (
				D54621DC29315FA4006F413A /* JobsityChallenge */,
				D54621F329315FA6006F413A /* JobsityChallengeTests */,
				D54621DB29315FA4006F413A /* Products */,
			);
			sourceTree = "<group>";
		};
		D54621DB29315FA4006F413A /* Products */ = {
			isa = PBXGroup;
			children = (
				D54621DA29315FA4006F413A /* JobsityChallenge.app */,
				D54621F029315FA5006F413A /* JobsityChallengeTests.xctest */,
			);
			name = Products;
			sourceTree = "<group>";
		};
		D54621DC29315FA4006F413A /* JobsityChallenge */ = {
			isa = PBXGroup;
			children = (
				D5057B462931AD6500F1D8E8 /* Extensions */,
				D5057B432931AA7A00F1D8E8 /* Component */,
				D5057B3E2931A4D700F1D8E8 /* ShowDetails */,
				D546221F293186A3006F413A /* ShowListing */,
				D5057B4B2932AA4A00F1D8E8 /* EpisodeDetails */,
				D546222B29319D33006F413A /* Model */,
				D546221929317FF4006F413A /* Configuration */,
				D54621DD29315FA4006F413A /* AppDelegate.swift */,
				D54621DF29315FA4006F413A /* SceneDelegate.swift */,
				D54621E629315FA5006F413A /* Assets.xcassets */,
				D54621E829315FA5006F413A /* LaunchScreen.storyboard */,
				D54621EB29315FA5006F413A /* Info.plist */,
				D5462212293173A9006F413A /* AppCoordinator.swift */,
				D546221B29318175006F413A /* Environment.swift */,
			);
			path = JobsityChallenge;
			sourceTree = "<group>";
		};
		D54621F329315FA6006F413A /* JobsityChallengeTests */ = {
			isa = PBXGroup;
			children = (
				D546221829317E20006F413A /* Fixtures */,
				D54621F429315FA6006F413A /* JobsityChallengeTests.swift */,
			);
			path = JobsityChallengeTests;
			sourceTree = "<group>";
		};
		D546221829317E20006F413A /* Fixtures */ = {
			isa = PBXGroup;
			children = (
				D546221629317C44006F413A /* ShowsResponseFixture.json */,
				D5057B3A2931A30C00F1D8E8 /* EpisodesResponseFixture.json */,
				D5FE3F8029330DE200CDBE6B /* ShowResponseFixture.json */,
			);
			path = Fixtures;
			sourceTree = "<group>";
		};
		D546221929317FF4006F413A /* Configuration */ = {
			isa = PBXGroup;
			children = (
				D546221A2931802B006F413A /* Config.xcconfig */,
			);
			path = Configuration;
			sourceTree = "<group>";
		};
		D546221F293186A3006F413A /* ShowListing */ = {
			isa = PBXGroup;
			children = (
				D5462220293186B7006F413A /* ShowListingView.swift */,
				D546221D29318451006F413A /* ShowListingService.swift */,
			);
			path = ShowListing;
			sourceTree = "<group>";
		};
		D546222B29319D33006F413A /* Model */ = {
			isa = PBXGroup;
			children = (
				D54622142931790C006F413A /* ShowModel.swift */,
				D546222C29319DAB006F413A /* EpisodeModel.swift */,
				D51B84732932F93F00C3A988 /* ShowTileModel.swift */,
			);
			path = Model;
			sourceTree = "<group>";
		};
/* End PBXGroup section */

/* Begin PBXNativeTarget section */
		D54621D929315FA4006F413A /* JobsityChallenge */ = {
			isa = PBXNativeTarget;
			buildConfigurationList = D546220429315FA6006F413A /* Build configuration list for PBXNativeTarget "JobsityChallenge" */;
			buildPhases = (
				D54621D629315FA4006F413A /* Sources */,
				D54621D729315FA4006F413A /* Frameworks */,
				D54621D829315FA4006F413A /* Resources */,
				D54622112931641D006F413A /* Swiftlint */,
			);
			buildRules = (
			);
			dependencies = (
			);
			name = JobsityChallenge;
			productName = JobsityChallenge;
			productReference = D54621DA29315FA4006F413A /* JobsityChallenge.app */;
			productType = "com.apple.product-type.application";
		};
		D54621EF29315FA5006F413A /* JobsityChallengeTests */ = {
			isa = PBXNativeTarget;
			buildConfigurationList = D546220729315FA6006F413A /* Build configuration list for PBXNativeTarget "JobsityChallengeTests" */;
			buildPhases = (
				D54621EC29315FA5006F413A /* Sources */,
				D54621ED29315FA5006F413A /* Frameworks */,
				D54621EE29315FA5006F413A /* Resources */,
			);
			buildRules = (
			);
			dependencies = (
				D54621F229315FA5006F413A /* PBXTargetDependency */,
			);
			name = JobsityChallengeTests;
			productName = JobsityChallengeTests;
			productReference = D54621F029315FA5006F413A /* JobsityChallengeTests.xctest */;
			productType = "com.apple.product-type.bundle.unit-test";
		};
/* End PBXNativeTarget section */

/* Begin PBXProject section */
		D54621D229315FA4006F413A /* Project object */ = {
			isa = PBXProject;
			attributes = {
				BuildIndependentTargetsInParallel = 1;
				LastSwiftUpdateCheck = 1400;
				LastUpgradeCheck = 1400;
				TargetAttributes = {
					D54621D929315FA4006F413A = {
						CreatedOnToolsVersion = 14.0.1;
					};
					D54621EF29315FA5006F413A = {
						CreatedOnToolsVersion = 14.0.1;
						TestTargetID = D54621D929315FA4006F413A;
					};
				};
			};
			buildConfigurationList = D54621D529315FA4006F413A /* Build configuration list for PBXProject "JobsityChallenge" */;
			compatibilityVersion = "Xcode 14.0";
			developmentRegion = en;
			hasScannedForEncodings = 0;
			knownRegions = (
				en,
				Base,
			);
			mainGroup = D54621D129315FA4006F413A;
			productRefGroup = D54621DB29315FA4006F413A /* Products */;
			projectDirPath = "";
			projectRoot = "";
			targets = (
				D54621D929315FA4006F413A /* JobsityChallenge */,
				D54621EF29315FA5006F413A /* JobsityChallengeTests */,
			);
		};
/* End PBXProject section */

/* Begin PBXResourcesBuildPhase section */
		D54621D829315FA4006F413A /* Resources */ = {
			isa = PBXResourcesBuildPhase;
			buildActionMask = 2147483647;
			files = (
				D54621EA29315FA5006F413A /* LaunchScreen.storyboard in Resources */,
				D54621E729315FA5006F413A /* Assets.xcassets in Resources */,
			);
			runOnlyForDeploymentPostprocessing = 0;
		};
		D54621EE29315FA5006F413A /* Resources */ = {
			isa = PBXResourcesBuildPhase;
			buildActionMask = 2147483647;
			files = (
				D5FE3F8129330DE200CDBE6B /* ShowResponseFixture.json in Resources */,
				D546221729317C44006F413A /* ShowsResponseFixture.json in Resources */,
				D5057B3B2931A30C00F1D8E8 /* EpisodesResponseFixture.json in Resources */,
			);
			runOnlyForDeploymentPostprocessing = 0;
		};
/* End PBXResourcesBuildPhase section */

/* Begin PBXShellScriptBuildPhase section */
		D54622112931641D006F413A /* Swiftlint */ = {
			isa = PBXShellScriptBuildPhase;
			alwaysOutOfDate = 1;
			buildActionMask = 2147483647;
			files = (
			);
			inputFileListPaths = (
			);
			inputPaths = (
			);
			name = Swiftlint;
			outputFileListPaths = (
			);
			outputPaths = (
			);
			runOnlyForDeploymentPostprocessing = 0;
			shellPath = /bin/sh;
			shellScript = "export PATH=\"$PATH:/opt/homebrew/bin\"\nif which swiftlint > /dev/null; then\n  swiftlint\nelse\n  echo \"warning: SwiftLint not installed, download from https://github.com/realm/SwiftLint\"\nfi\n";
		};
/* End PBXShellScriptBuildPhase section */

/* Begin PBXSourcesBuildPhase section */
		D54621D629315FA4006F413A /* Sources */ = {
			isa = PBXSourcesBuildPhase;
			buildActionMask = 2147483647;
			files = (
				D5462213293173A9006F413A /* AppCoordinator.swift in Sources */,
				D5057B4D2932AC5D00F1D8E8 /* EpisodeDetailsView.swift in Sources */,
				D5057B4F2932B7A100F1D8E8 /* View+withMinimumHitArea.swift in Sources */,
				D5057B452931AA8700F1D8E8 /* PosterImage.swift in Sources */,
				D546221C29318175006F413A /* Environment.swift in Sources */,
				D51B84742932F93F00C3A988 /* ShowTileModel.swift in Sources */,
				D546221E29318451006F413A /* ShowListingService.swift in Sources */,
				D54621DE29315FA4006F413A /* AppDelegate.swift in Sources */,
				D54621E029315FA4006F413A /* SceneDelegate.swift in Sources */,
				D5462221293186B7006F413A /* ShowListingView.swift in Sources */,
				D54622152931790C006F413A /* ShowModel.swift in Sources */,
				D5057B422931A4F100F1D8E8 /* ShowDetailsService.swift in Sources */,
				D546222D29319DAB006F413A /* EpisodeModel.swift in Sources */,
				D5057B482931AD7400F1D8E8 /* String+stripHTML.swift in Sources */,
				D5057B402931A4E500F1D8E8 /* ShowDetailsView.swift in Sources */,
			);
			runOnlyForDeploymentPostprocessing = 0;
		};
		D54621EC29315FA5006F413A /* Sources */ = {
			isa = PBXSourcesBuildPhase;
			buildActionMask = 2147483647;
			files = (
				D54621F529315FA6006F413A /* JobsityChallengeTests.swift in Sources */,
			);
			runOnlyForDeploymentPostprocessing = 0;
		};
/* End PBXSourcesBuildPhase section */

/* Begin PBXTargetDependency section */
		D54621F229315FA5006F413A /* PBXTargetDependency */ = {
			isa = PBXTargetDependency;
			target = D54621D929315FA4006F413A /* JobsityChallenge */;
			targetProxy = D54621F129315FA5006F413A /* PBXContainerItemProxy */;
		};
/* End PBXTargetDependency section */

/* Begin PBXVariantGroup section */
		D54621E829315FA5006F413A /* LaunchScreen.storyboard */ = {
			isa = PBXVariantGroup;
			children = (
				D54621E929315FA5006F413A /* Base */,
			);
			name = LaunchScreen.storyboard;
			sourceTree = "<group>";
		};
/* End PBXVariantGroup section */

/* Begin XCBuildConfiguration section */
		D546220229315FA6006F413A /* Debug */ = {
			isa = XCBuildConfiguration;
			buildSettings = {
				ALWAYS_SEARCH_USER_PATHS = NO;
				CLANG_ANALYZER_NONNULL = YES;
				CLANG_ANALYZER_NUMBER_OBJECT_CONVERSION = YES_AGGRESSIVE;
				CLANG_CXX_LANGUAGE_STANDARD = "gnu++20";
				CLANG_ENABLE_MODULES = YES;
				CLANG_ENABLE_OBJC_ARC = YES;
				CLANG_ENABLE_OBJC_WEAK = YES;
				CLANG_WARN_BLOCK_CAPTURE_AUTORELEASING = YES;
				CLANG_WARN_BOOL_CONVERSION = YES;
				CLANG_WARN_COMMA = YES;
				CLANG_WARN_CONSTANT_CONVERSION = YES;
				CLANG_WARN_DEPRECATED_OBJC_IMPLEMENTATIONS = YES;
				CLANG_WARN_DIRECT_OBJC_ISA_USAGE = YES_ERROR;
				CLANG_WARN_DOCUMENTATION_COMMENTS = YES;
				CLANG_WARN_EMPTY_BODY = YES;
				CLANG_WARN_ENUM_CONVERSION = YES;
				CLANG_WARN_INFINITE_RECURSION = YES;
				CLANG_WARN_INT_CONVERSION = YES;
				CLANG_WARN_NON_LITERAL_NULL_CONVERSION = YES;
				CLANG_WARN_OBJC_IMPLICIT_RETAIN_SELF = YES;
				CLANG_WARN_OBJC_LITERAL_CONVERSION = YES;
				CLANG_WARN_OBJC_ROOT_CLASS = YES_ERROR;
				CLANG_WARN_QUOTED_INCLUDE_IN_FRAMEWORK_HEADER = YES;
				CLANG_WARN_RANGE_LOOP_ANALYSIS = YES;
				CLANG_WARN_STRICT_PROTOTYPES = YES;
				CLANG_WARN_SUSPICIOUS_MOVE = YES;
				CLANG_WARN_UNGUARDED_AVAILABILITY = YES_AGGRESSIVE;
				CLANG_WARN_UNREACHABLE_CODE = YES;
				CLANG_WARN__DUPLICATE_METHOD_MATCH = YES;
				COPY_PHASE_STRIP = NO;
				DEBUG_INFORMATION_FORMAT = dwarf;
				ENABLE_STRICT_OBJC_MSGSEND = YES;
				ENABLE_TESTABILITY = YES;
				GCC_C_LANGUAGE_STANDARD = gnu11;
				GCC_DYNAMIC_NO_PIC = NO;
				GCC_NO_COMMON_BLOCKS = YES;
				GCC_OPTIMIZATION_LEVEL = 0;
				GCC_PREPROCESSOR_DEFINITIONS = (
					"DEBUG=1",
					"$(inherited)",
				);
				GCC_WARN_64_TO_32_BIT_CONVERSION = YES;
				GCC_WARN_ABOUT_RETURN_TYPE = YES_ERROR;
				GCC_WARN_UNDECLARED_SELECTOR = YES;
				GCC_WARN_UNINITIALIZED_AUTOS = YES_AGGRESSIVE;
				GCC_WARN_UNUSED_FUNCTION = YES;
				GCC_WARN_UNUSED_VARIABLE = YES;
				IPHONEOS_DEPLOYMENT_TARGET = 16.0;
				MTL_ENABLE_DEBUG_INFO = INCLUDE_SOURCE;
				MTL_FAST_MATH = YES;
				ONLY_ACTIVE_ARCH = YES;
				SDKROOT = iphoneos;
				SWIFT_ACTIVE_COMPILATION_CONDITIONS = DEBUG;
				SWIFT_OPTIMIZATION_LEVEL = "-Onone";
			};
			name = Debug;
		};
		D546220329315FA6006F413A /* Release */ = {
			isa = XCBuildConfiguration;
			buildSettings = {
				ALWAYS_SEARCH_USER_PATHS = NO;
				CLANG_ANALYZER_NONNULL = YES;
				CLANG_ANALYZER_NUMBER_OBJECT_CONVERSION = YES_AGGRESSIVE;
				CLANG_CXX_LANGUAGE_STANDARD = "gnu++20";
				CLANG_ENABLE_MODULES = YES;
				CLANG_ENABLE_OBJC_ARC = YES;
				CLANG_ENABLE_OBJC_WEAK = YES;
				CLANG_WARN_BLOCK_CAPTURE_AUTORELEASING = YES;
				CLANG_WARN_BOOL_CONVERSION = YES;
				CLANG_WARN_COMMA = YES;
				CLANG_WARN_CONSTANT_CONVERSION = YES;
				CLANG_WARN_DEPRECATED_OBJC_IMPLEMENTATIONS = YES;
				CLANG_WARN_DIRECT_OBJC_ISA_USAGE = YES_ERROR;
				CLANG_WARN_DOCUMENTATION_COMMENTS = YES;
				CLANG_WARN_EMPTY_BODY = YES;
				CLANG_WARN_ENUM_CONVERSION = YES;
				CLANG_WARN_INFINITE_RECURSION = YES;
				CLANG_WARN_INT_CONVERSION = YES;
				CLANG_WARN_NON_LITERAL_NULL_CONVERSION = YES;
				CLANG_WARN_OBJC_IMPLICIT_RETAIN_SELF = YES;
				CLANG_WARN_OBJC_LITERAL_CONVERSION = YES;
				CLANG_WARN_OBJC_ROOT_CLASS = YES_ERROR;
				CLANG_WARN_QUOTED_INCLUDE_IN_FRAMEWORK_HEADER = YES;
				CLANG_WARN_RANGE_LOOP_ANALYSIS = YES;
				CLANG_WARN_STRICT_PROTOTYPES = YES;
				CLANG_WARN_SUSPICIOUS_MOVE = YES;
				CLANG_WARN_UNGUARDED_AVAILABILITY = YES_AGGRESSIVE;
				CLANG_WARN_UNREACHABLE_CODE = YES;
				CLANG_WARN__DUPLICATE_METHOD_MATCH = YES;
				COPY_PHASE_STRIP = NO;
				DEBUG_INFORMATION_FORMAT = "dwarf-with-dsym";
				ENABLE_NS_ASSERTIONS = NO;
				ENABLE_STRICT_OBJC_MSGSEND = YES;
				GCC_C_LANGUAGE_STANDARD = gnu11;
				GCC_NO_COMMON_BLOCKS = YES;
				GCC_WARN_64_TO_32_BIT_CONVERSION = YES;
				GCC_WARN_ABOUT_RETURN_TYPE = YES_ERROR;
				GCC_WARN_UNDECLARED_SELECTOR = YES;
				GCC_WARN_UNINITIALIZED_AUTOS = YES_AGGRESSIVE;
				GCC_WARN_UNUSED_FUNCTION = YES;
				GCC_WARN_UNUSED_VARIABLE = YES;
				IPHONEOS_DEPLOYMENT_TARGET = 16.0;
				MTL_ENABLE_DEBUG_INFO = NO;
				MTL_FAST_MATH = YES;
				SDKROOT = iphoneos;
				SWIFT_COMPILATION_MODE = wholemodule;
				SWIFT_OPTIMIZATION_LEVEL = "-O";
				VALIDATE_PRODUCT = YES;
			};
			name = Release;
		};
		D546220529315FA6006F413A /* Debug */ = {
			isa = XCBuildConfiguration;
			baseConfigurationReference = D546221A2931802B006F413A /* Config.xcconfig */;
			buildSettings = {
				ASSETCATALOG_COMPILER_APPICON_NAME = AppIcon;
				ASSETCATALOG_COMPILER_GLOBAL_ACCENT_COLOR_NAME = AccentColor;
				CODE_SIGN_STYLE = Automatic;
				CURRENT_PROJECT_VERSION = 1;
				DEVELOPMENT_TEAM = QTB2MSNYGB;
				GENERATE_INFOPLIST_FILE = YES;
				INFOPLIST_FILE = JobsityChallenge/Info.plist;
				INFOPLIST_KEY_UIApplicationSupportsIndirectInputEvents = YES;
				INFOPLIST_KEY_UILaunchStoryboardName = LaunchScreen;
				INFOPLIST_KEY_UIStatusBarStyle = "";
				INFOPLIST_KEY_UISupportedInterfaceOrientations_iPad = "UIInterfaceOrientationPortrait UIInterfaceOrientationPortraitUpsideDown UIInterfaceOrientationLandscapeLeft UIInterfaceOrientationLandscapeRight";
				INFOPLIST_KEY_UISupportedInterfaceOrientations_iPhone = "UIInterfaceOrientationPortrait UIInterfaceOrientationLandscapeLeft UIInterfaceOrientationLandscapeRight";
				LD_RUNPATH_SEARCH_PATHS = (
					"$(inherited)",
					"@executable_path/Frameworks",
				);
				MARKETING_VERSION = 1.0;
				PRODUCT_BUNDLE_IDENTIFIER = jpa.jobsity.JobsityChallenge;
				PRODUCT_NAME = "$(TARGET_NAME)";
				SUPPORTED_PLATFORMS = "iphoneos iphonesimulator";
				SUPPORTS_MACCATALYST = NO;
				SUPPORTS_MAC_DESIGNED_FOR_IPHONE_IPAD = NO;
				SWIFT_EMIT_LOC_STRINGS = YES;
				SWIFT_VERSION = 5.0;
				TARGETED_DEVICE_FAMILY = 1;
			};
			name = Debug;
		};
		D546220629315FA6006F413A /* Release */ = {
			isa = XCBuildConfiguration;
			baseConfigurationReference = D546221A2931802B006F413A /* Config.xcconfig */;
			buildSettings = {
				ASSETCATALOG_COMPILER_APPICON_NAME = AppIcon;
				ASSETCATALOG_COMPILER_GLOBAL_ACCENT_COLOR_NAME = AccentColor;
				CODE_SIGN_STYLE = Automatic;
				CURRENT_PROJECT_VERSION = 1;
				DEVELOPMENT_TEAM = QTB2MSNYGB;
				GENERATE_INFOPLIST_FILE = YES;
				INFOPLIST_FILE = JobsityChallenge/Info.plist;
				INFOPLIST_KEY_UIApplicationSupportsIndirectInputEvents = YES;
				INFOPLIST_KEY_UILaunchStoryboardName = LaunchScreen;
				INFOPLIST_KEY_UIStatusBarStyle = "";
				INFOPLIST_KEY_UISupportedInterfaceOrientations_iPad = "UIInterfaceOrientationPortrait UIInterfaceOrientationPortraitUpsideDown UIInterfaceOrientationLandscapeLeft UIInterfaceOrientationLandscapeRight";
				INFOPLIST_KEY_UISupportedInterfaceOrientations_iPhone = "UIInterfaceOrientationPortrait UIInterfaceOrientationLandscapeLeft UIInterfaceOrientationLandscapeRight";
				LD_RUNPATH_SEARCH_PATHS = (
					"$(inherited)",
					"@executable_path/Frameworks",
				);
				MARKETING_VERSION = 1.0;
				PRODUCT_BUNDLE_IDENTIFIER = jpa.jobsity.JobsityChallenge;
				PRODUCT_NAME = "$(TARGET_NAME)";
				SUPPORTED_PLATFORMS = "iphoneos iphonesimulator";
				SUPPORTS_MACCATALYST = NO;
				SUPPORTS_MAC_DESIGNED_FOR_IPHONE_IPAD = NO;
				SWIFT_EMIT_LOC_STRINGS = YES;
				SWIFT_VERSION = 5.0;
				TARGETED_DEVICE_FAMILY = 1;
			};
			name = Release;
		};
		D546220829315FA6006F413A /* Debug */ = {
			isa = XCBuildConfiguration;
			baseConfigurationReference = D546221A2931802B006F413A /* Config.xcconfig */;
			buildSettings = {
				ALWAYS_EMBED_SWIFT_STANDARD_LIBRARIES = YES;
				BUNDLE_LOADER = "$(TEST_HOST)";
				CODE_SIGN_STYLE = Automatic;
				CURRENT_PROJECT_VERSION = 1;
				DEVELOPMENT_TEAM = QTB2MSNYGB;
				GENERATE_INFOPLIST_FILE = YES;
				IPHONEOS_DEPLOYMENT_TARGET = 16.0;
				MARKETING_VERSION = 1.0;
				PRODUCT_BUNDLE_IDENTIFIER = jpa.jobsity.JobsityChallengeTests;
				PRODUCT_NAME = "$(TARGET_NAME)";
				SWIFT_EMIT_LOC_STRINGS = NO;
				SWIFT_VERSION = 5.0;
				TARGETED_DEVICE_FAMILY = "1,2";
				TEST_HOST = "$(BUILT_PRODUCTS_DIR)/JobsityChallenge.app/$(BUNDLE_EXECUTABLE_FOLDER_PATH)/JobsityChallenge";
			};
			name = Debug;
		};
		D546220929315FA6006F413A /* Release */ = {
			isa = XCBuildConfiguration;
			baseConfigurationReference = D546221A2931802B006F413A /* Config.xcconfig */;
			buildSettings = {
				ALWAYS_EMBED_SWIFT_STANDARD_LIBRARIES = YES;
				BUNDLE_LOADER = "$(TEST_HOST)";
				CODE_SIGN_STYLE = Automatic;
				CURRENT_PROJECT_VERSION = 1;
				DEVELOPMENT_TEAM = QTB2MSNYGB;
				GENERATE_INFOPLIST_FILE = YES;
				IPHONEOS_DEPLOYMENT_TARGET = 16.0;
				MARKETING_VERSION = 1.0;
				PRODUCT_BUNDLE_IDENTIFIER = jpa.jobsity.JobsityChallengeTests;
				PRODUCT_NAME = "$(TARGET_NAME)";
				SWIFT_EMIT_LOC_STRINGS = NO;
				SWIFT_VERSION = 5.0;
				TARGETED_DEVICE_FAMILY = "1,2";
				TEST_HOST = "$(BUILT_PRODUCTS_DIR)/JobsityChallenge.app/$(BUNDLE_EXECUTABLE_FOLDER_PATH)/JobsityChallenge";
			};
			name = Release;
		};
/* End XCBuildConfiguration section */

/* Begin XCConfigurationList section */
		D54621D529315FA4006F413A /* Build configuration list for PBXProject "JobsityChallenge" */ = {
			isa = XCConfigurationList;
			buildConfigurations = (
				D546220229315FA6006F413A /* Debug */,
				D546220329315FA6006F413A /* Release */,
			);
			defaultConfigurationIsVisible = 0;
			defaultConfigurationName = Release;
		};
		D546220429315FA6006F413A /* Build configuration list for PBXNativeTarget "JobsityChallenge" */ = {
			isa = XCConfigurationList;
			buildConfigurations = (
				D546220529315FA6006F413A /* Debug */,
				D546220629315FA6006F413A /* Release */,
			);
			defaultConfigurationIsVisible = 0;
			defaultConfigurationName = Release;
		};
		D546220729315FA6006F413A /* Build configuration list for PBXNativeTarget "JobsityChallengeTests" */ = {
			isa = XCConfigurationList;
			buildConfigurations = (
				D546220829315FA6006F413A /* Debug */,
				D546220929315FA6006F413A /* Release */,
			);
			defaultConfigurationIsVisible = 0;
			defaultConfigurationName = Release;
		};
/* End XCConfigurationList section */
	};
	rootObject = D54621D229315FA4006F413A /* Project object */;
}
